
Microsoft Visual Studio Solution File, Format Version 12.00
# Visual Studio 15
VisualStudioVersion = 15.0.27130.2027
MinimumVisualStudioVersion = 10.0.40219.1
Project("{FAE04EC0-301F-11D3-BF4B-00C04F79EFBC}") = "projectTrial1", "projectTrial1\projectTrial1.csproj", "{169694AD-B611-4C29-82D6-479E38A738FD}"
EndProject
Global
	GlobalSection(SolutionConfigurationPlatforms) = preSolution
		Debug|Any CPU = Debug|Any CPU
		Release|Any CPU = Release|Any CPU
	EndGlobalSection
	GlobalSection(ProjectConfigurationPlatforms) = postSolution
		{169694AD-B611-4C29-82D6-479E38A738FD}.Debug|Any CPU.ActiveCfg = Debug|Any CPU
		{169694AD-B611-4C29-82D6-479E38A738FD}.Debug|Any CPU.Build.0 = Debug|Any CPU
		{169694AD-B611-4C29-82D6-479E38A738FD}.Release|Any CPU.ActiveCfg = Release|Any CPU
		{169694AD-B611-4C29-82D6-479E38A738FD}.Release|Any CPU.Build.0 = Release|Any CPU
	EndGlobalSection
	GlobalSection(SolutionProperties) = preSolution
		HideSolutionNode = FALSE
	EndGlobalSection
	GlobalSection(ExtensibilityGlobals) = postSolution
		SolutionGuid = {AD051316-9AA0-4907-A147-8A4EEECCE435}
	EndGlobalSection
EndGlobal
